
Microsoft Visual Studio Solution File, Format Version 12.00
# Visual Studio 15
VisualStudioVersion = 15.0.28307.902
MinimumVisualStudioVersion = 10.0.40219.1
Project("{8BC9CEB8-8B4A-11D0-8D11-00A0C91BC942}") = "Create", "Create.vcxproj", "{FF4CA501-4896-444A-A725-3239B3F1607C}"
EndProject
Project("{8BC9CEB8-8B4A-11D0-8D11-00A0C91BC942}") = "SortSearch", "..\SortSearch\SortSearch.vcxproj", "{1DC3250B-36DE-4F33-98CB-5965EA076D2A}"
EndProject
Project("{8BC9CEB8-8B4A-11D0-8D11-00A0C91BC942}") = "Concept", "..\..\Concepts\Concept\Concept.vcxproj", "{FCEDB5E2-0E1B-4F7C-93A7-2C68F077E8FB}"
EndProject
Global
	GlobalSection(SolutionConfigurationPlatforms) = preSolution
		Debug|x64 = Debug|x64
		Debug|x86 = Debug|x86
		Release|x64 = Release|x64
		Release|x86 = Release|x86
	EndGlobalSection
	GlobalSection(ProjectConfigurationPlatforms) = postSolution
		{FF4CA501-4896-444A-A725-3239B3F1607C}.Debug|x64.ActiveCfg = Debug|x64
		{FF4CA501-4896-444A-A725-3239B3F1607C}.Debug|x64.Build.0 = Debug|x64
		{FF4CA501-4896-444A-A725-3239B3F1607C}.Debug|x86.ActiveCfg = Debug|Win32
		{FF4CA501-4896-444A-A725-3239B3F1607C}.Debug|x86.Build.0 = Debug|Win32
		{FF4CA501-4896-444A-A725-3239B3F1607C}.Release|x64.ActiveCfg = Release|x64
		{FF4CA501-4896-444A-A725-3239B3F1607C}.Release|x64.Build.0 = Release|x64
		{FF4CA501-4896-444A-A725-3239B3F1607C}.Release|x86.ActiveCfg = Release|Win32
		{FF4CA501-4896-444A-A725-3239B3F1607C}.Release|x86.Build.0 = Release|Win32
		{1DC3250B-36DE-4F33-98CB-5965EA076D2A}.Debug|x64.ActiveCfg = Debug|x64
		{1DC3250B-36DE-4F33-98CB-5965EA076D2A}.Debug|x64.Build.0 = Debug|x64
		{1DC3250B-36DE-4F33-98CB-5965EA076D2A}.Debug|x86.ActiveCfg = Debug|Win32
		{1DC3250B-36DE-4F33-98CB-5965EA076D2A}.Debug|x86.Build.0 = Debug|Win32
		{1DC3250B-36DE-4F33-98CB-5965EA076D2A}.Release|x64.ActiveCfg = Release|x64
		{1DC3250B-36DE-4F33-98CB-5965EA076D2A}.Release|x64.Build.0 = Release|x64
		{1DC3250B-36DE-4F33-98CB-5965EA076D2A}.Release|x86.ActiveCfg = Release|Win32
		{1DC3250B-36DE-4F33-98CB-5965EA076D2A}.Release|x86.Build.0 = Release|Win32
		{FCEDB5E2-0E1B-4F7C-93A7-2C68F077E8FB}.Debug|x64.ActiveCfg = Debug|x64
		{FCEDB5E2-0E1B-4F7C-93A7-2C68F077E8FB}.Debug|x64.Build.0 = Debug|x64
		{FCEDB5E2-0E1B-4F7C-93A7-2C68F077E8FB}.Debug|x86.ActiveCfg = Debug|Win32
		{FCEDB5E2-0E1B-4F7C-93A7-2C68F077E8FB}.Debug|x86.Build.0 = Debug|Win32
		{FCEDB5E2-0E1B-4F7C-93A7-2C68F077E8FB}.Release|x64.ActiveCfg = Release|x64
		{FCEDB5E2-0E1B-4F7C-93A7-2C68F077E8FB}.Release|x64.Build.0 = Release|x64
		{FCEDB5E2-0E1B-4F7C-93A7-2C68F077E8FB}.Release|x86.ActiveCfg = Release|Win32
		{FCEDB5E2-0E1B-4F7C-93A7-2C68F077E8FB}.Release|x86.Build.0 = Release|Win32
	EndGlobalSection
	GlobalSection(SolutionProperties) = preSolution
		HideSolutionNode = FALSE
	EndGlobalSection
	GlobalSection(ExtensibilityGlobals) = postSolution
		SolutionGuid = {DBE3ECAD-59CF-42D9-A5C9-7AEE43908727}
	EndGlobalSection
EndGlobal
